// !$*UTF8*$!
{
	archiveVersion = 1;
	classes = {
	};
	objectVersion = 50;
	objects = {

/* Begin PBXBuildFile section */
		79083F0E259DA142003E99AA /* AppDelegate.swift in Sources */ = {isa = PBXBuildFile; fileRef = 79083F0D259DA142003E99AA /* AppDelegate.swift */; };
		79083F10259DA142003E99AA /* SceneDelegate.swift in Sources */ = {isa = PBXBuildFile; fileRef = 79083F0F259DA142003E99AA /* SceneDelegate.swift */; };
		79083F12259DA142003E99AA /* HomeViewController.swift in Sources */ = {isa = PBXBuildFile; fileRef = 79083F11259DA142003E99AA /* HomeViewController.swift */; };
		79083F15259DA142003E99AA /* Main.storyboard in Resources */ = {isa = PBXBuildFile; fileRef = 79083F13259DA142003E99AA /* Main.storyboard */; };
		79083F17259DA14C003E99AA /* Assets.xcassets in Resources */ = {isa = PBXBuildFile; fileRef = 79083F16259DA14C003E99AA /* Assets.xcassets */; };
		79083F1A259DA14C003E99AA /* LaunchScreen.storyboard in Resources */ = {isa = PBXBuildFile; fileRef = 79083F18259DA14C003E99AA /* LaunchScreen.storyboard */; };
		79083F6A259DCC06003E99AA /* ProductGallaryTableViewCell.swift in Sources */ = {isa = PBXBuildFile; fileRef = 79083F68259DCC06003E99AA /* ProductGallaryTableViewCell.swift */; };
		79083F6B259DCC06003E99AA /* ProductGallaryTableViewCell.xib in Resources */ = {isa = PBXBuildFile; fileRef = 79083F69259DCC06003E99AA /* ProductGallaryTableViewCell.xib */; };
		79083F73259DCC63003E99AA /* ProductGallaryCollectionViewCell.swift in Sources */ = {isa = PBXBuildFile; fileRef = 79083F71259DCC63003E99AA /* ProductGallaryCollectionViewCell.swift */; };
		79083F74259DCC63003E99AA /* ProductGallaryCollectionViewCell.xib in Resources */ = {isa = PBXBuildFile; fileRef = 79083F72259DCC63003E99AA /* ProductGallaryCollectionViewCell.xib */; };
		7920A82725A3245B003D5741 /* LoginViewController.swift in Sources */ = {isa = PBXBuildFile; fileRef = 7920A82625A3245B003D5741 /* LoginViewController.swift */; };
		7920A82B25A34881003D5741 /* LoginViewController+extension.swift in Sources */ = {isa = PBXBuildFile; fileRef = 7920A82A25A34881003D5741 /* LoginViewController+extension.swift */; };
		799E8F7E25A4E34C007BAE93 /* MainProductTableViewCell.swift in Sources */ = {isa = PBXBuildFile; fileRef = 799E8F7C25A4E34C007BAE93 /* MainProductTableViewCell.swift */; };
		799E8F7F25A4E34D007BAE93 /* MainProductTableViewCell.xib in Resources */ = {isa = PBXBuildFile; fileRef = 799E8F7D25A4E34C007BAE93 /* MainProductTableViewCell.xib */; };
		799E8F8325A4E379007BAE93 /* MainProductCollectionViewCell.swift in Sources */ = {isa = PBXBuildFile; fileRef = 799E8F8125A4E379007BAE93 /* MainProductCollectionViewCell.swift */; };
		799E8F8425A4E379007BAE93 /* MainProductCollectionViewCell.xib in Resources */ = {isa = PBXBuildFile; fileRef = 799E8F8225A4E379007BAE93 /* MainProductCollectionViewCell.xib */; };
		799E8F8725A50FEF007BAE93 /* CustomFontSizeLabel.swift in Sources */ = {isa = PBXBuildFile; fileRef = 799E8F8625A50FEF007BAE93 /* CustomFontSizeLabel.swift */; };
		799E8F8F25A630D4007BAE93 /* ShopNowViewController.swift in Sources */ = {isa = PBXBuildFile; fileRef = 799E8F8E25A630D4007BAE93 /* ShopNowViewController.swift */; };
		799E8F9925A638AB007BAE93 /* ShopNowTableViewCell.swift in Sources */ = {isa = PBXBuildFile; fileRef = 799E8F9725A638AB007BAE93 /* ShopNowTableViewCell.swift */; };
		799E8F9A25A638AB007BAE93 /* ShopNowTableViewCell.xib in Resources */ = {isa = PBXBuildFile; fileRef = 799E8F9825A638AB007BAE93 /* ShopNowTableViewCell.xib */; };
		799E8FA725A63EB6007BAE93 /* MainProductShopNowTableViewCell.swift in Sources */ = {isa = PBXBuildFile; fileRef = 799E8FA525A63EB6007BAE93 /* MainProductShopNowTableViewCell.swift */; };
		799E8FA825A63EB6007BAE93 /* MainProductShopNowTableViewCell.xib in Resources */ = {isa = PBXBuildFile; fileRef = 799E8FA625A63EB6007BAE93 /* MainProductShopNowTableViewCell.xib */; };
		79AEA9CB25A1C9D700FEABD1 /* MyAccountViewController.swift in Sources */ = {isa = PBXBuildFile; fileRef = 79AEA9CA25A1C9D700FEABD1 /* MyAccountViewController.swift */; };
		79B96E73259DE86100713054 /* ProductStoryTableViewCell.swift in Sources */ = {isa = PBXBuildFile; fileRef = 79B96E71259DE86100713054 /* ProductStoryTableViewCell.swift */; };
		79B96E74259DE86100713054 /* ProductStoryTableViewCell.xib in Resources */ = {isa = PBXBuildFile; fileRef = 79B96E72259DE86100713054 /* ProductStoryTableViewCell.xib */; };
		79B96E78259DE88D00713054 /* ProductStoryCollectionViewCell.swift in Sources */ = {isa = PBXBuildFile; fileRef = 79B96E76259DE88D00713054 /* ProductStoryCollectionViewCell.swift */; };
		79B96E79259DE88D00713054 /* ProductStoryCollectionViewCell.xib in Resources */ = {isa = PBXBuildFile; fileRef = 79B96E77259DE88D00713054 /* ProductStoryCollectionViewCell.xib */; };
		79CADF5925A89CA10097445C /* MyCartViewController.swift in Sources */ = {isa = PBXBuildFile; fileRef = 79CADF5825A89CA10097445C /* MyCartViewController.swift */; };
		79CADF6225A8BEF30097445C /* MyCartTableViewCell.swift in Sources */ = {isa = PBXBuildFile; fileRef = 79CADF6025A8BEF30097445C /* MyCartTableViewCell.swift */; };
		79CADF6325A8BEF30097445C /* MyCartTableViewCell.xib in Resources */ = {isa = PBXBuildFile; fileRef = 79CADF6125A8BEF30097445C /* MyCartTableViewCell.xib */; };
		79CADF6625A8C47B0097445C /* MyCartViewController+extension.swift in Sources */ = {isa = PBXBuildFile; fileRef = 79CADF6525A8C47B0097445C /* MyCartViewController+extension.swift */; };
		79D8748A25A71E7E00DFF0EA /* ProductModel.swift in Sources */ = {isa = PBXBuildFile; fileRef = 79D8748925A71E7E00DFF0EA /* ProductModel.swift */; };
		79D8749925A75C0900DFF0EA /* ItemSelectedViewController.swift in Sources */ = {isa = PBXBuildFile; fileRef = 79D8749825A75C0900DFF0EA /* ItemSelectedViewController.swift */; };
		79D8749C25A75FB800DFF0EA /* ItemSelectedCollectionViewCell.swift in Sources */ = {isa = PBXBuildFile; fileRef = 79D8749B25A75FB800DFF0EA /* ItemSelectedCollectionViewCell.swift */; };
		79D874A025A7811F00DFF0EA /* SwiftGIF.swift in Sources */ = {isa = PBXBuildFile; fileRef = 79D8749F25A7811F00DFF0EA /* SwiftGIF.swift */; };
		79D874A325A7817600DFF0EA /* GIF.gif in Resources */ = {isa = PBXBuildFile; fileRef = 79D874A225A7817600DFF0EA /* GIF.gif */; };
		79EC60FE25A4B6570057DF78 /* RegisterViewController.swift in Sources */ = {isa = PBXBuildFile; fileRef = 79EC60FD25A4B6570057DF78 /* RegisterViewController.swift */; };
		79EC610125A4B68F0057DF78 /* RegisterViewController+extension.swift in Sources */ = {isa = PBXBuildFile; fileRef = 79EC610025A4B68F0057DF78 /* RegisterViewController+extension.swift */; };
/* End PBXBuildFile section */

/* Begin PBXFileReference section */
		79083F0A259DA142003E99AA /* ShoppingApp.app */ = {isa = PBXFileReference; explicitFileType = wrapper.application; includeInIndex = 0; path = ShoppingApp.app; sourceTree = BUILT_PRODUCTS_DIR; };
		79083F0D259DA142003E99AA /* AppDelegate.swift */ = {isa = PBXFileReference; lastKnownFileType = sourcecode.swift; path = AppDelegate.swift; sourceTree = "<group>"; };
		79083F0F259DA142003E99AA /* SceneDelegate.swift */ = {isa = PBXFileReference; lastKnownFileType = sourcecode.swift; path = SceneDelegate.swift; sourceTree = "<group>"; };
		79083F11259DA142003E99AA /* HomeViewController.swift */ = {isa = PBXFileReference; lastKnownFileType = sourcecode.swift; path = HomeViewController.swift; sourceTree = "<group>"; };
		79083F14259DA142003E99AA /* Base */ = {isa = PBXFileReference; lastKnownFileType = file.storyboard; name = Base; path = Base.lproj/Main.storyboard; sourceTree = "<group>"; };
		79083F16259DA14C003E99AA /* Assets.xcassets */ = {isa = PBXFileReference; lastKnownFileType = folder.assetcatalog; path = Assets.xcassets; sourceTree = "<group>"; };
		79083F19259DA14C003E99AA /* Base */ = {isa = PBXFileReference; lastKnownFileType = file.storyboard; name = Base; path = Base.lproj/LaunchScreen.storyboard; sourceTree = "<group>"; };
		79083F1B259DA14C003E99AA /* Info.plist */ = {isa = PBXFileReference; lastKnownFileType = text.plist.xml; path = Info.plist; sourceTree = "<group>"; };
		79083F68259DCC06003E99AA /* ProductGallaryTableViewCell.swift */ = {isa = PBXFileReference; lastKnownFileType = sourcecode.swift; path = ProductGallaryTableViewCell.swift; sourceTree = "<group>"; };
		79083F69259DCC06003E99AA /* ProductGallaryTableViewCell.xib */ = {isa = PBXFileReference; lastKnownFileType = file.xib; path = ProductGallaryTableViewCell.xib; sourceTree = "<group>"; };
		79083F71259DCC63003E99AA /* ProductGallaryCollectionViewCell.swift */ = {isa = PBXFileReference; lastKnownFileType = sourcecode.swift; path = ProductGallaryCollectionViewCell.swift; sourceTree = "<group>"; };
		79083F72259DCC63003E99AA /* ProductGallaryCollectionViewCell.xib */ = {isa = PBXFileReference; lastKnownFileType = file.xib; path = ProductGallaryCollectionViewCell.xib; sourceTree = "<group>"; };
		7920A82625A3245B003D5741 /* LoginViewController.swift */ = {isa = PBXFileReference; lastKnownFileType = sourcecode.swift; path = LoginViewController.swift; sourceTree = "<group>"; };
		7920A82A25A34881003D5741 /* LoginViewController+extension.swift */ = {isa = PBXFileReference; lastKnownFileType = sourcecode.swift; path = "LoginViewController+extension.swift"; sourceTree = "<group>"; };
		799E8F7C25A4E34C007BAE93 /* MainProductTableViewCell.swift */ = {isa = PBXFileReference; lastKnownFileType = sourcecode.swift; path = MainProductTableViewCell.swift; sourceTree = "<group>"; };
		799E8F7D25A4E34C007BAE93 /* MainProductTableViewCell.xib */ = {isa = PBXFileReference; lastKnownFileType = file.xib; path = MainProductTableViewCell.xib; sourceTree = "<group>"; };
		799E8F8125A4E379007BAE93 /* MainProductCollectionViewCell.swift */ = {isa = PBXFileReference; lastKnownFileType = sourcecode.swift; path = MainProductCollectionViewCell.swift; sourceTree = "<group>"; };
		799E8F8225A4E379007BAE93 /* MainProductCollectionViewCell.xib */ = {isa = PBXFileReference; lastKnownFileType = file.xib; path = MainProductCollectionViewCell.xib; sourceTree = "<group>"; };
		799E8F8625A50FEF007BAE93 /* CustomFontSizeLabel.swift */ = {isa = PBXFileReference; lastKnownFileType = sourcecode.swift; path = CustomFontSizeLabel.swift; sourceTree = "<group>"; };
		799E8F8E25A630D4007BAE93 /* ShopNowViewController.swift */ = {isa = PBXFileReference; lastKnownFileType = sourcecode.swift; path = ShopNowViewController.swift; sourceTree = "<group>"; };
		799E8F9725A638AB007BAE93 /* ShopNowTableViewCell.swift */ = {isa = PBXFileReference; lastKnownFileType = sourcecode.swift; path = ShopNowTableViewCell.swift; sourceTree = "<group>"; };
		799E8F9825A638AB007BAE93 /* ShopNowTableViewCell.xib */ = {isa = PBXFileReference; lastKnownFileType = file.xib; path = ShopNowTableViewCell.xib; sourceTree = "<group>"; };
		799E8FA525A63EB6007BAE93 /* MainProductShopNowTableViewCell.swift */ = {isa = PBXFileReference; lastKnownFileType = sourcecode.swift; path = MainProductShopNowTableViewCell.swift; sourceTree = "<group>"; };
		799E8FA625A63EB6007BAE93 /* MainProductShopNowTableViewCell.xib */ = {isa = PBXFileReference; lastKnownFileType = file.xib; path = MainProductShopNowTableViewCell.xib; sourceTree = "<group>"; };
		79AEA9CA25A1C9D700FEABD1 /* MyAccountViewController.swift */ = {isa = PBXFileReference; lastKnownFileType = sourcecode.swift; path = MyAccountViewController.swift; sourceTree = "<group>"; };
		79B96E71259DE86100713054 /* ProductStoryTableViewCell.swift */ = {isa = PBXFileReference; lastKnownFileType = sourcecode.swift; path = ProductStoryTableViewCell.swift; sourceTree = "<group>"; };
		79B96E72259DE86100713054 /* ProductStoryTableViewCell.xib */ = {isa = PBXFileReference; lastKnownFileType = file.xib; path = ProductStoryTableViewCell.xib; sourceTree = "<group>"; };
		79B96E76259DE88D00713054 /* ProductStoryCollectionViewCell.swift */ = {isa = PBXFileReference; lastKnownFileType = sourcecode.swift; path = ProductStoryCollectionViewCell.swift; sourceTree = "<group>"; };
		79B96E77259DE88D00713054 /* ProductStoryCollectionViewCell.xib */ = {isa = PBXFileReference; lastKnownFileType = file.xib; path = ProductStoryCollectionViewCell.xib; sourceTree = "<group>"; };
		79CADF5825A89CA10097445C /* MyCartViewController.swift */ = {isa = PBXFileReference; lastKnownFileType = sourcecode.swift; path = MyCartViewController.swift; sourceTree = "<group>"; };
		79CADF6025A8BEF30097445C /* MyCartTableViewCell.swift */ = {isa = PBXFileReference; lastKnownFileType = sourcecode.swift; path = MyCartTableViewCell.swift; sourceTree = "<group>"; };
		79CADF6125A8BEF30097445C /* MyCartTableViewCell.xib */ = {isa = PBXFileReference; lastKnownFileType = file.xib; path = MyCartTableViewCell.xib; sourceTree = "<group>"; };
		79CADF6525A8C47B0097445C /* MyCartViewController+extension.swift */ = {isa = PBXFileReference; lastKnownFileType = sourcecode.swift; path = "MyCartViewController+extension.swift"; sourceTree = "<group>"; };
		79D8748925A71E7E00DFF0EA /* ProductModel.swift */ = {isa = PBXFileReference; lastKnownFileType = sourcecode.swift; path = ProductModel.swift; sourceTree = "<group>"; };
		79D8749825A75C0900DFF0EA /* ItemSelectedViewController.swift */ = {isa = PBXFileReference; lastKnownFileType = sourcecode.swift; path = ItemSelectedViewController.swift; sourceTree = "<group>"; };
		79D8749B25A75FB800DFF0EA /* ItemSelectedCollectionViewCell.swift */ = {isa = PBXFileReference; lastKnownFileType = sourcecode.swift; path = ItemSelectedCollectionViewCell.swift; sourceTree = "<group>"; };
		79D8749F25A7811F00DFF0EA /* SwiftGIF.swift */ = {isa = PBXFileReference; lastKnownFileType = sourcecode.swift; path = SwiftGIF.swift; sourceTree = "<group>"; };
		79D874A225A7817600DFF0EA /* GIF.gif */ = {isa = PBXFileReference; lastKnownFileType = image.gif; path = GIF.gif; sourceTree = "<group>"; };
		79EC60FD25A4B6570057DF78 /* RegisterViewController.swift */ = {isa = PBXFileReference; lastKnownFileType = sourcecode.swift; path = RegisterViewController.swift; sourceTree = "<group>"; };
		79EC610025A4B68F0057DF78 /* RegisterViewController+extension.swift */ = {isa = PBXFileReference; lastKnownFileType = sourcecode.swift; path = "RegisterViewController+extension.swift"; sourceTree = "<group>"; };
/* End PBXFileReference section */

/* Begin PBXFrameworksBuildPhase section */
		79083F07259DA142003E99AA /* Frameworks */ = {
			isa = PBXFrameworksBuildPhase;
			buildActionMask = 2147483647;
			files = (
			);
			runOnlyForDeploymentPostprocessing = 0;
		};
/* End PBXFrameworksBuildPhase section */

/* Begin PBXGroup section */
		79083F01259DA142003E99AA = {
			isa = PBXGroup;
			children = (
				79083F0C259DA142003E99AA /* ShoppingApp */,
				79083F0B259DA142003E99AA /* Products */,
			);
			sourceTree = "<group>";
		};
		79083F0B259DA142003E99AA /* Products */ = {
			isa = PBXGroup;
			children = (
				79083F0A259DA142003E99AA /* ShoppingApp.app */,
			);
			name = Products;
			sourceTree = "<group>";
		};
		79083F0C259DA142003E99AA /* ShoppingApp */ = {
			isa = PBXGroup;
			children = (
				79D8748825A71E6600DFF0EA /* Model */,
				79083F62259DCB86003E99AA /* Controller */,
				79083F64259DCB98003E99AA /* Cell */,
				799E8F8B25A512F1007BAE93 /* Utils */,
				79B96E69259DD9F200713054 /* Storyboard */,
				79B96E68259DD9E400713054 /* Delegate */,
				79B96E6A259DDA0000713054 /* Resources */,
			);
			path = ShoppingApp;
			sourceTree = "<group>";
		};
		79083F62259DCB86003E99AA /* Controller */ = {
			isa = PBXGroup;
			children = (
				79CADF5725A89C740097445C /* Cart */,
				79D874B225A7A76800DFF0EA /* ItemSelected */,
				799E8F8D25A62FCB007BAE93 /* ShopNow */,
				7920A82425A32425003D5741 /* MyAccount */,
				79083F63259DCB8D003E99AA /* Home */,
			);
			path = Controller;
			sourceTree = "<group>";
		};
		79083F63259DCB8D003E99AA /* Home */ = {
			isa = PBXGroup;
			children = (
				79083F11259DA142003E99AA /* HomeViewController.swift */,
			);
			path = Home;
			sourceTree = "<group>";
		};
		79083F64259DCB98003E99AA /* Cell */ = {
			isa = PBXGroup;
			children = (
				79CADF5B25A8B0A10097445C /* CartTabelViewCell */,
				79D874B325A7A77D00DFF0EA /* ItemSelected */,
				799E8F9225A6384A007BAE93 /* ShopNow */,
				79083F65259DCB9E003E99AA /* Home */,
			);
			path = Cell;
			sourceTree = "<group>";
		};
		79083F65259DCB9E003E99AA /* Home */ = {
			isa = PBXGroup;
			children = (
				799E8F7825A4E2DB007BAE93 /* MainProduct */,
				79B96E6D259DE80000713054 /* ProductStory */,
				79083F66259DCBA8003E99AA /* ProductGallary */,
			);
			path = Home;
			sourceTree = "<group>";
		};
		79083F66259DCBA8003E99AA /* ProductGallary */ = {
			isa = PBXGroup;
			children = (
				79083F6D259DCC15003E99AA /* ItemCollectionViewCell */,
				79083F6E259DCC21003E99AA /* TableViewCell */,
			);
			path = ProductGallary;
			sourceTree = "<group>";
		};
		79083F6D259DCC15003E99AA /* ItemCollectionViewCell */ = {
			isa = PBXGroup;
			children = (
				79083F71259DCC63003E99AA /* ProductGallaryCollectionViewCell.swift */,
				79083F72259DCC63003E99AA /* ProductGallaryCollectionViewCell.xib */,
			);
			path = ItemCollectionViewCell;
			sourceTree = "<group>";
		};
		79083F6E259DCC21003E99AA /* TableViewCell */ = {
			isa = PBXGroup;
			children = (
				79083F68259DCC06003E99AA /* ProductGallaryTableViewCell.swift */,
				79083F69259DCC06003E99AA /* ProductGallaryTableViewCell.xib */,
			);
			path = TableViewCell;
			sourceTree = "<group>";
		};
		7920A82425A32425003D5741 /* MyAccount */ = {
			isa = PBXGroup;
			children = (
				79AEA9CA25A1C9D700FEABD1 /* MyAccountViewController.swift */,
				7920A82525A32443003D5741 /* Auth */,
			);
			path = MyAccount;
			sourceTree = "<group>";
		};
		7920A82525A32443003D5741 /* Auth */ = {
			isa = PBXGroup;
			children = (
				7920A82A25A34881003D5741 /* LoginViewController+extension.swift */,
				7920A82625A3245B003D5741 /* LoginViewController.swift */,
				79EC60FD25A4B6570057DF78 /* RegisterViewController.swift */,
				79EC610025A4B68F0057DF78 /* RegisterViewController+extension.swift */,
			);
			path = Auth;
			sourceTree = "<group>";
		};
		799E8F7825A4E2DB007BAE93 /* MainProduct */ = {
			isa = PBXGroup;
			children = (
				799E8F7925A4E2EE007BAE93 /* ItemCollectionViewCell */,
				799E8F7A25A4E302007BAE93 /* TableViewCell */,
			);
			path = MainProduct;
			sourceTree = "<group>";
		};
		799E8F7925A4E2EE007BAE93 /* ItemCollectionViewCell */ = {
			isa = PBXGroup;
			children = (
				799E8F8125A4E379007BAE93 /* MainProductCollectionViewCell.swift */,
				799E8F8225A4E379007BAE93 /* MainProductCollectionViewCell.xib */,
			);
			path = ItemCollectionViewCell;
			sourceTree = "<group>";
		};
		799E8F7A25A4E302007BAE93 /* TableViewCell */ = {
			isa = PBXGroup;
			children = (
				799E8F7C25A4E34C007BAE93 /* MainProductTableViewCell.swift */,
				799E8F7D25A4E34C007BAE93 /* MainProductTableViewCell.xib */,
			);
			path = TableViewCell;
			sourceTree = "<group>";
		};
		799E8F8B25A512F1007BAE93 /* Utils */ = {
			isa = PBXGroup;
			children = (
				79D8749F25A7811F00DFF0EA /* SwiftGIF.swift */,
				799E8F8625A50FEF007BAE93 /* CustomFontSizeLabel.swift */,
			);
			path = Utils;
			sourceTree = "<group>";
		};
		799E8F8D25A62FCB007BAE93 /* ShopNow */ = {
			isa = PBXGroup;
			children = (
				799E8F8E25A630D4007BAE93 /* ShopNowViewController.swift */,
			);
			path = ShopNow;
			sourceTree = "<group>";
		};
		799E8F9225A6384A007BAE93 /* ShopNow */ = {
			isa = PBXGroup;
			children = (
				79D874B425A7A79E00DFF0EA /* MainProduct */,
				799E8F9C25A63C47007BAE93 /* ProductStory */,
			);
			path = ShopNow;
			sourceTree = "<group>";
		};
		799E8F9C25A63C47007BAE93 /* ProductStory */ = {
			isa = PBXGroup;
			children = (
				799E8F9725A638AB007BAE93 /* ShopNowTableViewCell.swift */,
				799E8F9825A638AB007BAE93 /* ShopNowTableViewCell.xib */,
			);
			path = ProductStory;
			sourceTree = "<group>";
		};
		79B96E68259DD9E400713054 /* Delegate */ = {
			isa = PBXGroup;
			children = (
				79083F0D259DA142003E99AA /* AppDelegate.swift */,
				79083F0F259DA142003E99AA /* SceneDelegate.swift */,
			);
			path = Delegate;
			sourceTree = "<group>";
		};
		79B96E69259DD9F200713054 /* Storyboard */ = {
			isa = PBXGroup;
			children = (
				79083F13259DA142003E99AA /* Main.storyboard */,
				79083F18259DA14C003E99AA /* LaunchScreen.storyboard */,
			);
			path = Storyboard;
			sourceTree = "<group>";
		};
		79B96E6A259DDA0000713054 /* Resources */ = {
			isa = PBXGroup;
			children = (
				79083F16259DA14C003E99AA /* Assets.xcassets */,
				79D874A225A7817600DFF0EA /* GIF.gif */,
				79083F1B259DA14C003E99AA /* Info.plist */,
			);
			path = Resources;
			sourceTree = "<group>";
		};
		79B96E6D259DE80000713054 /* ProductStory */ = {
			isa = PBXGroup;
			children = (
				79B96E6F259DE82800713054 /* ItemCollectioViewCell */,
				79B96E6E259DE81F00713054 /* TableViewCell */,
			);
			path = ProductStory;
			sourceTree = "<group>";
		};
		79B96E6E259DE81F00713054 /* TableViewCell */ = {
			isa = PBXGroup;
			children = (
				79B96E71259DE86100713054 /* ProductStoryTableViewCell.swift */,
				79B96E72259DE86100713054 /* ProductStoryTableViewCell.xib */,
			);
			path = TableViewCell;
			sourceTree = "<group>";
		};
		79B96E6F259DE82800713054 /* ItemCollectioViewCell */ = {
			isa = PBXGroup;
			children = (
				79B96E76259DE88D00713054 /* ProductStoryCollectionViewCell.swift */,
				79B96E77259DE88D00713054 /* ProductStoryCollectionViewCell.xib */,
			);
			path = ItemCollectioViewCell;
			sourceTree = "<group>";
		};
		79CADF5725A89C740097445C /* Cart */ = {
			isa = PBXGroup;
			children = (
				79CADF5825A89CA10097445C /* MyCartViewController.swift */,
				79CADF6525A8C47B0097445C /* MyCartViewController+extension.swift */,
			);
			path = Cart;
			sourceTree = "<group>";
		};
		79CADF5B25A8B0A10097445C /* CartTabelViewCell */ = {
			isa = PBXGroup;
			children = (
				79CADF6025A8BEF30097445C /* MyCartTableViewCell.swift */,
				79CADF6125A8BEF30097445C /* MyCartTableViewCell.xib */,
			);
			path = CartTabelViewCell;
			sourceTree = "<group>";
		};
		79D8748825A71E6600DFF0EA /* Model */ = {
			isa = PBXGroup;
			children = (
				79D8748925A71E7E00DFF0EA /* ProductModel.swift */,
			);
			path = Model;
			sourceTree = "<group>";
		};
		79D874B225A7A76800DFF0EA /* ItemSelected */ = {
			isa = PBXGroup;
			children = (
				79D8749825A75C0900DFF0EA /* ItemSelectedViewController.swift */,
			);
			path = ItemSelected;
			sourceTree = "<group>";
		};
		79D874B325A7A77D00DFF0EA /* ItemSelected */ = {
			isa = PBXGroup;
			children = (
				79D8749B25A75FB800DFF0EA /* ItemSelectedCollectionViewCell.swift */,
			);
			path = ItemSelected;
			sourceTree = "<group>";
		};
		79D874B425A7A79E00DFF0EA /* MainProduct */ = {
			isa = PBXGroup;
			children = (
				799E8FA525A63EB6007BAE93 /* MainProductShopNowTableViewCell.swift */,
				799E8FA625A63EB6007BAE93 /* MainProductShopNowTableViewCell.xib */,
			);
			path = MainProduct;
			sourceTree = "<group>";
		};
/* End PBXGroup section */

/* Begin PBXNativeTarget section */
		79083F09259DA142003E99AA /* ShoppingApp */ = {
			isa = PBXNativeTarget;
			buildConfigurationList = 79083F1E259DA14C003E99AA /* Build configuration list for PBXNativeTarget "ShoppingApp" */;
			buildPhases = (
				79083F06259DA142003E99AA /* Sources */,
				79083F07259DA142003E99AA /* Frameworks */,
				79083F08259DA142003E99AA /* Resources */,
			);
			buildRules = (
			);
			dependencies = (
			);
			name = ShoppingApp;
			productName = ShoppingApp;
			productReference = 79083F0A259DA142003E99AA /* ShoppingApp.app */;
			productType = "com.apple.product-type.application";
		};
/* End PBXNativeTarget section */

/* Begin PBXProject section */
		79083F02259DA142003E99AA /* Project object */ = {
			isa = PBXProject;
			attributes = {
				LastSwiftUpdateCheck = 1220;
				LastUpgradeCheck = 1220;
				TargetAttributes = {
					79083F09259DA142003E99AA = {
						CreatedOnToolsVersion = 12.2;
					};
				};
			};
			buildConfigurationList = 79083F05259DA142003E99AA /* Build configuration list for PBXProject "ShoppingApp" */;
			compatibilityVersion = "Xcode 9.3";
			developmentRegion = en;
			hasScannedForEncodings = 0;
			knownRegions = (
				en,
				Base,
			);
			mainGroup = 79083F01259DA142003E99AA;
			productRefGroup = 79083F0B259DA142003E99AA /* Products */;
			projectDirPath = "";
			projectRoot = "";
			targets = (
				79083F09259DA142003E99AA /* ShoppingApp */,
			);
		};
/* End PBXProject section */

/* Begin PBXResourcesBuildPhase section */
		79083F08259DA142003E99AA /* Resources */ = {
			isa = PBXResourcesBuildPhase;
			buildActionMask = 2147483647;
			files = (
				79083F6B259DCC06003E99AA /* ProductGallaryTableViewCell.xib in Resources */,
				79B96E79259DE88D00713054 /* ProductStoryCollectionViewCell.xib in Resources */,
				799E8F9A25A638AB007BAE93 /* ShopNowTableViewCell.xib in Resources */,
				79083F1A259DA14C003E99AA /* LaunchScreen.storyboard in Resources */,
				79083F17259DA14C003E99AA /* Assets.xcassets in Resources */,
				79083F15259DA142003E99AA /* Main.storyboard in Resources */,
				79083F74259DCC63003E99AA /* ProductGallaryCollectionViewCell.xib in Resources */,
				799E8F7F25A4E34D007BAE93 /* MainProductTableViewCell.xib in Resources */,
				79B96E74259DE86100713054 /* ProductStoryTableViewCell.xib in Resources */,
				79D874A325A7817600DFF0EA /* GIF.gif in Resources */,
				799E8F8425A4E379007BAE93 /* MainProductCollectionViewCell.xib in Resources */,
				799E8FA825A63EB6007BAE93 /* MainProductShopNowTableViewCell.xib in Resources */,
				79CADF6325A8BEF30097445C /* MyCartTableViewCell.xib in Resources */,
			);
			runOnlyForDeploymentPostprocessing = 0;
		};
/* End PBXResourcesBuildPhase section */

/* Begin PBXSourcesBuildPhase section */
		79083F06259DA142003E99AA /* Sources */ = {
			isa = PBXSourcesBuildPhase;
			buildActionMask = 2147483647;
			files = (
				79CADF6225A8BEF30097445C /* MyCartTableViewCell.swift in Sources */,
				7920A82725A3245B003D5741 /* LoginViewController.swift in Sources */,
				79EC60FE25A4B6570057DF78 /* RegisterViewController.swift in Sources */,
				79083F6A259DCC06003E99AA /* ProductGallaryTableViewCell.swift in Sources */,
				79CADF6625A8C47B0097445C /* MyCartViewController+extension.swift in Sources */,
				799E8F8F25A630D4007BAE93 /* ShopNowViewController.swift in Sources */,
				79083F12259DA142003E99AA /* HomeViewController.swift in Sources */,
				79AEA9CB25A1C9D700FEABD1 /* MyAccountViewController.swift in Sources */,
				79083F73259DCC63003E99AA /* ProductGallaryCollectionViewCell.swift in Sources */,
				79083F0E259DA142003E99AA /* AppDelegate.swift in Sources */,
				799E8F7E25A4E34C007BAE93 /* MainProductTableViewCell.swift in Sources */,
				799E8F8725A50FEF007BAE93 /* CustomFontSizeLabel.swift in Sources */,
				79D8749925A75C0900DFF0EA /* ItemSelectedViewController.swift in Sources */,
				79D8748A25A71E7E00DFF0EA /* ProductModel.swift in Sources */,
				79083F10259DA142003E99AA /* SceneDelegate.swift in Sources */,
				79D874A025A7811F00DFF0EA /* SwiftGIF.swift in Sources */,
				799E8F8325A4E379007BAE93 /* MainProductCollectionViewCell.swift in Sources */,
				79CADF5925A89CA10097445C /* MyCartViewController.swift in Sources */,
				79B96E73259DE86100713054 /* ProductStoryTableViewCell.swift in Sources */,
				79EC610125A4B68F0057DF78 /* RegisterViewController+extension.swift in Sources */,
				79B96E78259DE88D00713054 /* ProductStoryCollectionViewCell.swift in Sources */,
				799E8FA725A63EB6007BAE93 /* MainProductShopNowTableViewCell.swift in Sources */,
				799E8F9925A638AB007BAE93 /* ShopNowTableViewCell.swift in Sources */,
				79D8749C25A75FB800DFF0EA /* ItemSelectedCollectionViewCell.swift in Sources */,
				7920A82B25A34881003D5741 /* LoginViewController+extension.swift in Sources */,
			);
			runOnlyForDeploymentPostprocessing = 0;
		};
/* End PBXSourcesBuildPhase section */

/* Begin PBXVariantGroup section */
		79083F13259DA142003E99AA /* Main.storyboard */ = {
			isa = PBXVariantGroup;
			children = (
				79083F14259DA142003E99AA /* Base */,
			);
			name = Main.storyboard;
			sourceTree = "<group>";
		};
		79083F18259DA14C003E99AA /* LaunchScreen.storyboard */ = {
			isa = PBXVariantGroup;
			children = (
				79083F19259DA14C003E99AA /* Base */,
			);
			name = LaunchScreen.storyboard;
			sourceTree = "<group>";
		};
/* End PBXVariantGroup section */

/* Begin XCBuildConfiguration section */
		79083F1C259DA14C003E99AA /* Debug */ = {
			isa = XCBuildConfiguration;
			buildSettings = {
				ALWAYS_SEARCH_USER_PATHS = NO;
				CLANG_ANALYZER_NONNULL = YES;
				CLANG_ANALYZER_NUMBER_OBJECT_CONVERSION = YES_AGGRESSIVE;
				CLANG_CXX_LANGUAGE_STANDARD = "gnu++14";
				CLANG_CXX_LIBRARY = "libc++";
				CLANG_ENABLE_MODULES = YES;
				CLANG_ENABLE_OBJC_ARC = YES;
				CLANG_ENABLE_OBJC_WEAK = YES;
				CLANG_WARN_BLOCK_CAPTURE_AUTORELEASING = YES;
				CLANG_WARN_BOOL_CONVERSION = YES;
				CLANG_WARN_COMMA = YES;
				CLANG_WARN_CONSTANT_CONVERSION = YES;
				CLANG_WARN_DEPRECATED_OBJC_IMPLEMENTATIONS = YES;
				CLANG_WARN_DIRECT_OBJC_ISA_USAGE = YES_ERROR;
				CLANG_WARN_DOCUMENTATION_COMMENTS = YES;
				CLANG_WARN_EMPTY_BODY = YES;
				CLANG_WARN_ENUM_CONVERSION = YES;
				CLANG_WARN_INFINITE_RECURSION = YES;
				CLANG_WARN_INT_CONVERSION = YES;
				CLANG_WARN_NON_LITERAL_NULL_CONVERSION = YES;
				CLANG_WARN_OBJC_IMPLICIT_RETAIN_SELF = YES;
				CLANG_WARN_OBJC_LITERAL_CONVERSION = YES;
				CLANG_WARN_OBJC_ROOT_CLASS = YES_ERROR;
				CLANG_WARN_QUOTED_INCLUDE_IN_FRAMEWORK_HEADER = YES;
				CLANG_WARN_RANGE_LOOP_ANALYSIS = YES;
				CLANG_WARN_STRICT_PROTOTYPES = YES;
				CLANG_WARN_SUSPICIOUS_MOVE = YES;
				CLANG_WARN_UNGUARDED_AVAILABILITY = YES_AGGRESSIVE;
				CLANG_WARN_UNREACHABLE_CODE = YES;
				CLANG_WARN__DUPLICATE_METHOD_MATCH = YES;
				COPY_PHASE_STRIP = NO;
				DEBUG_INFORMATION_FORMAT = dwarf;
				ENABLE_STRICT_OBJC_MSGSEND = YES;
				ENABLE_TESTABILITY = YES;
				GCC_C_LANGUAGE_STANDARD = gnu11;
				GCC_DYNAMIC_NO_PIC = NO;
				GCC_NO_COMMON_BLOCKS = YES;
				GCC_OPTIMIZATION_LEVEL = 0;
				GCC_PREPROCESSOR_DEFINITIONS = (
					"DEBUG=1",
					"$(inherited)",
				);
				GCC_WARN_64_TO_32_BIT_CONVERSION = YES;
				GCC_WARN_ABOUT_RETURN_TYPE = YES_ERROR;
				GCC_WARN_UNDECLARED_SELECTOR = YES;
				GCC_WARN_UNINITIALIZED_AUTOS = YES_AGGRESSIVE;
				GCC_WARN_UNUSED_FUNCTION = YES;
				GCC_WARN_UNUSED_VARIABLE = YES;
				IPHONEOS_DEPLOYMENT_TARGET = 14.2;
				MTL_ENABLE_DEBUG_INFO = INCLUDE_SOURCE;
				MTL_FAST_MATH = YES;
				ONLY_ACTIVE_ARCH = YES;
				SDKROOT = iphoneos;
				SWIFT_ACTIVE_COMPILATION_CONDITIONS = DEBUG;
				SWIFT_OPTIMIZATION_LEVEL = "-Onone";
			};
			name = Debug;
		};
		79083F1D259DA14C003E99AA /* Release */ = {
			isa = XCBuildConfiguration;
			buildSettings = {
				ALWAYS_SEARCH_USER_PATHS = NO;
				CLANG_ANALYZER_NONNULL = YES;
				CLANG_ANALYZER_NUMBER_OBJECT_CONVERSION = YES_AGGRESSIVE;
				CLANG_CXX_LANGUAGE_STANDARD = "gnu++14";
				CLANG_CXX_LIBRARY = "libc++";
				CLANG_ENABLE_MODULES = YES;
				CLANG_ENABLE_OBJC_ARC = YES;
				CLANG_ENABLE_OBJC_WEAK = YES;
				CLANG_WARN_BLOCK_CAPTURE_AUTORELEASING = YES;
				CLANG_WARN_BOOL_CONVERSION = YES;
				CLANG_WARN_COMMA = YES;
				CLANG_WARN_CONSTANT_CONVERSION = YES;
				CLANG_WARN_DEPRECATED_OBJC_IMPLEMENTATIONS = YES;
				CLANG_WARN_DIRECT_OBJC_ISA_USAGE = YES_ERROR;
				CLANG_WARN_DOCUMENTATION_COMMENTS = YES;
				CLANG_WARN_EMPTY_BODY = YES;
				CLANG_WARN_ENUM_CONVERSION = YES;
				CLANG_WARN_INFINITE_RECURSION = YES;
				CLANG_WARN_INT_CONVERSION = YES;
				CLANG_WARN_NON_LITERAL_NULL_CONVERSION = YES;
				CLANG_WARN_OBJC_IMPLICIT_RETAIN_SELF = YES;
				CLANG_WARN_OBJC_LITERAL_CONVERSION = YES;
				CLANG_WARN_OBJC_ROOT_CLASS = YES_ERROR;
				CLANG_WARN_QUOTED_INCLUDE_IN_FRAMEWORK_HEADER = YES;
				CLANG_WARN_RANGE_LOOP_ANALYSIS = YES;
				CLANG_WARN_STRICT_PROTOTYPES = YES;
				CLANG_WARN_SUSPICIOUS_MOVE = YES;
				CLANG_WARN_UNGUARDED_AVAILABILITY = YES_AGGRESSIVE;
				CLANG_WARN_UNREACHABLE_CODE = YES;
				CLANG_WARN__DUPLICATE_METHOD_MATCH = YES;
				COPY_PHASE_STRIP = NO;
				DEBUG_INFORMATION_FORMAT = "dwarf-with-dsym";
				ENABLE_NS_ASSERTIONS = NO;
				ENABLE_STRICT_OBJC_MSGSEND = YES;
				GCC_C_LANGUAGE_STANDARD = gnu11;
				GCC_NO_COMMON_BLOCKS = YES;
				GCC_WARN_64_TO_32_BIT_CONVERSION = YES;
				GCC_WARN_ABOUT_RETURN_TYPE = YES_ERROR;
				GCC_WARN_UNDECLARED_SELECTOR = YES;
				GCC_WARN_UNINITIALIZED_AUTOS = YES_AGGRESSIVE;
				GCC_WARN_UNUSED_FUNCTION = YES;
				GCC_WARN_UNUSED_VARIABLE = YES;
				IPHONEOS_DEPLOYMENT_TARGET = 14.2;
				MTL_ENABLE_DEBUG_INFO = NO;
				MTL_FAST_MATH = YES;
				SDKROOT = iphoneos;
				SWIFT_COMPILATION_MODE = wholemodule;
				SWIFT_OPTIMIZATION_LEVEL = "-O";
				VALIDATE_PRODUCT = YES;
			};
			name = Release;
		};
		79083F1F259DA14C003E99AA /* Debug */ = {
			isa = XCBuildConfiguration;
			buildSettings = {
				ASSETCATALOG_COMPILER_APPICON_NAME = AppIcon;
				ASSETCATALOG_COMPILER_GLOBAL_ACCENT_COLOR_NAME = AccentColor;
				CODE_SIGN_STYLE = Automatic;
				DEVELOPMENT_TEAM = L5Y442FJFB;
				INFOPLIST_FILE = "$(SRCROOT)/ShoppingApp/Resources/Info.plist";
				LD_RUNPATH_SEARCH_PATHS = (
					"$(inherited)",
					"@executable_path/Frameworks",
				);
				PRODUCT_BUNDLE_IDENTIFIER = com.ans96283.ShoppingApp;
				PRODUCT_NAME = "$(TARGET_NAME)";
				SWIFT_VERSION = 5.0;
				TARGETED_DEVICE_FAMILY = "1,2";
			};
			name = Debug;
		};
		79083F20259DA14C003E99AA /* Release */ = {
			isa = XCBuildConfiguration;
			buildSettings = {
				ASSETCATALOG_COMPILER_APPICON_NAME = AppIcon;
				ASSETCATALOG_COMPILER_GLOBAL_ACCENT_COLOR_NAME = AccentColor;
				CODE_SIGN_STYLE = Automatic;
				DEVELOPMENT_TEAM = L5Y442FJFB;
				INFOPLIST_FILE = "$(SRCROOT)/ShoppingApp/Resources/Info.plist";
				LD_RUNPATH_SEARCH_PATHS = (
					"$(inherited)",
					"@executable_path/Frameworks",
				);
				PRODUCT_BUNDLE_IDENTIFIER = com.ans96283.ShoppingApp;
				PRODUCT_NAME = "$(TARGET_NAME)";
				SWIFT_VERSION = 5.0;
				TARGETED_DEVICE_FAMILY = "1,2";
			};
			name = Release;
		};
/* End XCBuildConfiguration section */

/* Begin XCConfigurationList section */
		79083F05259DA142003E99AA /* Build configuration list for PBXProject "ShoppingApp" */ = {
			isa = XCConfigurationList;
			buildConfigurations = (
				79083F1C259DA14C003E99AA /* Debug */,
				79083F1D259DA14C003E99AA /* Release */,
			);
			defaultConfigurationIsVisible = 0;
			defaultConfigurationName = Release;
		};
		79083F1E259DA14C003E99AA /* Build configuration list for PBXNativeTarget "ShoppingApp" */ = {
			isa = XCConfigurationList;
			buildConfigurations = (
				79083F1F259DA14C003E99AA /* Debug */,
				79083F20259DA14C003E99AA /* Release */,
			);
			defaultConfigurationIsVisible = 0;
			defaultConfigurationName = Release;
		};
/* End XCConfigurationList section */
	};
	rootObject = 79083F02259DA142003E99AA /* Project object */;
}
